
Microsoft Visual Studio Solution File, Format Version 12.00
# Visual Studio Version 17
VisualStudioVersion = 17.14.36301.6 d17.14
MinimumVisualStudioVersion = 10.0.40219.1
Project("{FAE04EC0-301F-11D3-BF4B-00C04F79EFBC}") = "StockAppWebApi", "StockAppWebApi\StockAppWebApi.csproj", "{CF78C7F6-A9BB-4CDE-AA95-4766E06C8141}"
EndProject
Global
	GlobalSection(SolutionConfigurationPlatforms) = preSolution
		Debug|Any CPU = Debug|Any CPU
		Release|Any CPU = Release|Any CPU
	EndGlobalSection
	GlobalSection(ProjectConfigurationPlatforms) = postSolution
		{CF78C7F6-A9BB-4CDE-AA95-4766E06C8141}.Debug|Any CPU.ActiveCfg = Debug|Any CPU
		{CF78C7F6-A9BB-4CDE-AA95-4766E06C8141}.Debug|Any CPU.Build.0 = Debug|Any CPU
		{CF78C7F6-A9BB-4CDE-AA95-4766E06C8141}.Release|Any CPU.ActiveCfg = Release|Any CPU
		{CF78C7F6-A9BB-4CDE-AA95-4766E06C8141}.Release|Any CPU.Build.0 = Release|Any CPU
	EndGlobalSection
	GlobalSection(SolutionProperties) = preSolution
		HideSolutionNode = FALSE
	EndGlobalSection
	GlobalSection(ExtensibilityGlobals) = postSolution
		SolutionGuid = {85DB37E2-8AEC-4F7A-9E86-744F6430102D}
	EndGlobalSection
EndGlobal
